
Microsoft Visual Studio Solution File, Format Version 12.00
# Visual Studio Version 17
VisualStudioVersion = 17.0.31815.197
MinimumVisualStudioVersion = 10.0.40219.1
Project("{FAE04EC0-301F-11D3-BF4B-00C04F79EFBC}") = "ConsoleUI", "ConsoleUI\ConsoleUI.csproj", "{ED5D89D7-576A-4D4D-93A3-29CE310608B5}"
EndProject
Global
	GlobalSection(SolutionConfigurationPlatforms) = preSolution
		Debug|Any CPU = Debug|Any CPU
		Release|Any CPU = Release|Any CPU
	EndGlobalSection
	GlobalSection(ProjectConfigurationPlatforms) = postSolution
		{ED5D89D7-576A-4D4D-93A3-29CE310608B5}.Debug|Any CPU.ActiveCfg = Debug|Any CPU
		{ED5D89D7-576A-4D4D-93A3-29CE310608B5}.Debug|Any CPU.Build.0 = Debug|Any CPU
		{ED5D89D7-576A-4D4D-93A3-29CE310608B5}.Release|Any CPU.ActiveCfg = Release|Any CPU
		{ED5D89D7-576A-4D4D-93A3-29CE310608B5}.Release|Any CPU.Build.0 = Release|Any CPU
	EndGlobalSection
	GlobalSection(SolutionProperties) = preSolution
		HideSolutionNode = FALSE
	EndGlobalSection
	GlobalSection(ExtensibilityGlobals) = postSolution
		SolutionGuid = {57BACAF8-8FCE-486D-BFA3-40C0D979C732}
	EndGlobalSection
EndGlobal
